{
  "name": "repaso",
  "version": "1.0.0",
  "lockfileVersion": 1,
  "requires": true,
  "dependencies": {
    "simple-input": {
      "version": "1.0.1",
      "resolved": "https://registry.npmjs.org/simple-input/-/simple-input-1.0.1.tgz",
      "integrity": "sha512-PDEq5qjfubP/3iHWczaBNqprYFSfQuwFThnm0z5cCL2Dibi73PggkB6padvl1q8tHocb/CpbqCeL//Hqg/HvAQ=="
    }
  }
}
